github.com/llimllib/loglevel v0.0.0-20131025150502-3bb4128b5f3b h1:yLi3DWXHHpMbyglMhh+gDObvL2kfT6K5E+OnLtef/BQ=
github.com/llimllib/loglevel v0.0.0-20131025150502-3bb4128b5f3b/go.mod h1:rXDeuXCQpd/9ItjmXQpH2UHjU00e7ViAXE0WcFAQlIY=
golang.org/x/net v0.17.0 h1:pVaXccu2ozPjCXewfr1S7xza/zcXTity9cCdXQYSjIM=
golang.org/x/net v0.17.0/go.mod h1:NxSsAGuq816PNPmqtQdLE42eU2Fs7NoRIZrHJAlaCOE=
